
Microsoft Visual Studio Solution File, Format Version 12.00
# Visual Studio Version 17
VisualStudioVersion = 17.10.35013.160
MinimumVisualStudioVersion = 10.0.40219.1
Project("{9A19103F-16F7-4668-BE54-9A1E7A4F7556}") = "AnonymousMethod_LambdaExpressions", "AnonymousMethod_LambdaExpressions\AnonymousMethod_LambdaExpressions.csproj", "{B8BB355E-7744-46FA-9E72-D7481D1AD183}"
EndProject
Project("{FAE04EC0-301F-11D3-BF4B-00C04F79EFBC}") = "AnonymousType", "AnonymousType\AnonymousType.csproj", "{6EFB88E3-6E09-47DB-AB03-593749CA6ED1}"
EndProject
Project("{FAE04EC0-301F-11D3-BF4B-00C04F79EFBC}") = "AsyncSamples", "AsyncSamples\AsyncSamples.csproj", "{FE0ADF67-9559-48E3-A6E0-237127526717}"
EndProject
Global
	GlobalSection(SolutionConfigurationPlatforms) = preSolution
		Debug|Any CPU = Debug|Any CPU
		Release|Any CPU = Release|Any CPU
	EndGlobalSection
	GlobalSection(ProjectConfigurationPlatforms) = postSolution
		{B8BB355E-7744-46FA-9E72-D7481D1AD183}.Debug|Any CPU.ActiveCfg = Debug|Any CPU
		{B8BB355E-7744-46FA-9E72-D7481D1AD183}.Debug|Any CPU.Build.0 = Debug|Any CPU
		{B8BB355E-7744-46FA-9E72-D7481D1AD183}.Release|Any CPU.ActiveCfg = Release|Any CPU
		{B8BB355E-7744-46FA-9E72-D7481D1AD183}.Release|Any CPU.Build.0 = Release|Any CPU
		{6EFB88E3-6E09-47DB-AB03-593749CA6ED1}.Debug|Any CPU.ActiveCfg = Debug|Any CPU
		{6EFB88E3-6E09-47DB-AB03-593749CA6ED1}.Debug|Any CPU.Build.0 = Debug|Any CPU
		{6EFB88E3-6E09-47DB-AB03-593749CA6ED1}.Release|Any CPU.ActiveCfg = Release|Any CPU
		{6EFB88E3-6E09-47DB-AB03-593749CA6ED1}.Release|Any CPU.Build.0 = Release|Any CPU
		{FE0ADF67-9559-48E3-A6E0-237127526717}.Debug|Any CPU.ActiveCfg = Debug|Any CPU
		{FE0ADF67-9559-48E3-A6E0-237127526717}.Debug|Any CPU.Build.0 = Debug|Any CPU
		{FE0ADF67-9559-48E3-A6E0-237127526717}.Release|Any CPU.ActiveCfg = Release|Any CPU
		{FE0ADF67-9559-48E3-A6E0-237127526717}.Release|Any CPU.Build.0 = Release|Any CPU
	EndGlobalSection
	GlobalSection(SolutionProperties) = preSolution
		HideSolutionNode = FALSE
	EndGlobalSection
	GlobalSection(ExtensibilityGlobals) = postSolution
		SolutionGuid = {8466A19C-5908-4FD2-B841-4D14685060E6}
	EndGlobalSection
EndGlobal
